
Microsoft Visual Studio Solution File, Format Version 12.00
Project("{FAE04EC0-301F-11D3-BF4B-00C04F79EFBC}") = "WeatherBackend", "WeatherBackend.csproj", "{BF4DA9B4-81FE-4476-9BFD-7651BD00E665}"
EndProject
Global
	GlobalSection(SolutionConfigurationPlatforms) = preSolution
		Debug|Any CPU = Debug|Any CPU
		Release|Any CPU = Release|Any CPU
	EndGlobalSection
	GlobalSection(ProjectConfigurationPlatforms) = postSolution
		{BF4DA9B4-81FE-4476-9BFD-7651BD00E665}.Debug|Any CPU.ActiveCfg = Debug|Any CPU
		{BF4DA9B4-81FE-4476-9BFD-7651BD00E665}.Debug|Any CPU.Build.0 = Debug|Any CPU
		{BF4DA9B4-81FE-4476-9BFD-7651BD00E665}.Release|Any CPU.ActiveCfg = Release|Any CPU
		{BF4DA9B4-81FE-4476-9BFD-7651BD00E665}.Release|Any CPU.Build.0 = Release|Any CPU
	EndGlobalSection
EndGlobal
